// !$*UTF8*$!
{
	archiveVersion = 1;
	classes = {
	};
	objectVersion = 48;
	objects = {

/* Begin PBXBuildFile section */
		B5B58EEA20546EAF0056BD77 /* AppDelegate.swift in Sources */ = {isa = PBXBuildFile; fileRef = B5B58EE920546EAF0056BD77 /* AppDelegate.swift */; };
		B5B58EEF20546EAF0056BD77 /* Main.storyboard in Resources */ = {isa = PBXBuildFile; fileRef = B5B58EED20546EAF0056BD77 /* Main.storyboard */; };
		B5B58EF120546EAF0056BD77 /* Assets.xcassets in Resources */ = {isa = PBXBuildFile; fileRef = B5B58EF020546EAF0056BD77 /* Assets.xcassets */; };
		B5B58EF420546EAF0056BD77 /* LaunchScreen.storyboard in Resources */ = {isa = PBXBuildFile; fileRef = B5B58EF220546EAF0056BD77 /* LaunchScreen.storyboard */; };
		B5B58EFC20546F580056BD77 /* JSONTableViewController.swift in Sources */ = {isa = PBXBuildFile; fileRef = B5B58EFB20546F580056BD77 /* JSONTableViewController.swift */; };
/* End PBXBuildFile section */

/* Begin PBXFileReference section */
		B5B58EE620546EAF0056BD77 /* JSONSwift.app */ = {isa = PBXFileReference; explicitFileType = wrapper.application; includeInIndex = 0; path = JSONSwift.app; sourceTree = BUILT_PRODUCTS_DIR; };
		B5B58EE920546EAF0056BD77 /* AppDelegate.swift */ = {isa = PBXFileReference; lastKnownFileType = sourcecode.swift; path = AppDelegate.swift; sourceTree = "<group>"; };
		B5B58EEE20546EAF0056BD77 /* Base */ = {isa = PBXFileReference; lastKnownFileType = file.storyboard; name = Base; path = Base.lproj/Main.storyboard; sourceTree = "<group>"; };
		B5B58EF020546EAF0056BD77 /* Assets.xcassets */ = {isa = PBXFileReference; lastKnownFileType = folder.assetcatalog; path = Assets.xcassets; sourceTree = "<group>"; };
		B5B58EF320546EAF0056BD77 /* Base */ = {isa = PBXFileReference; lastKnownFileType = file.storyboard; name = Base; path = Base.lproj/LaunchScreen.storyboard; sourceTree = "<group>"; };
		B5B58EF520546EAF0056BD77 /* Info.plist */ = {isa = PBXFileReference; lastKnownFileType = text.plist.xml; path = Info.plist; sourceTree = "<group>"; };
		B5B58EFB20546F580056BD77 /* JSONTableViewController.swift */ = {isa = PBXFileReference; lastKnownFileType = sourcecode.swift; path = JSONTableViewController.swift; sourceTree = "<group>"; };
/* End PBXFileReference section */

/* Begin PBXFrameworksBuildPhase section */
		B5B58EE320546EAF0056BD77 /* Frameworks */ = {
			isa = PBXFrameworksBuildPhase;
			buildActionMask = 2147483647;
			files = (
			);
			runOnlyForDeploymentPostprocessing = 0;
		};
/* End PBXFrameworksBuildPhase section */

/* Begin PBXGroup section */
		B5B58EDD20546EAF0056BD77 = {
			isa = PBXGroup;
			children = (
				B5B58EE820546EAF0056BD77 /* JSONSwift */,
				B5B58EE720546EAF0056BD77 /* Products */,
			);
			sourceTree = "<group>";
		};
		B5B58EE720546EAF0056BD77 /* Products */ = {
			isa = PBXGroup;
			children = (
				B5B58EE620546EAF0056BD77 /* JSONSwift.app */,
			);
			name = Products;
			sourceTree = "<group>";
		};
		B5B58EE820546EAF0056BD77 /* JSONSwift */ = {
			isa = PBXGroup;
			children = (
				B5B58EE920546EAF0056BD77 /* AppDelegate.swift */,
				B5B58EFB20546F580056BD77 /* JSONTableViewController.swift */,
				B5B58EED20546EAF0056BD77 /* Main.storyboard */,
				B5B58EF220546EAF0056BD77 /* LaunchScreen.storyboard */,
				B5B58EF020546EAF0056BD77 /* Assets.xcassets */,
				B5B58EF520546EAF0056BD77 /* Info.plist */,
			);
			path = JSONSwift;
			sourceTree = "<group>";
		};
/* End PBXGroup section */

/* Begin PBXNativeTarget section */
		B5B58EE520546EAF0056BD77 /* JSONSwift */ = {
			isa = PBXNativeTarget;
			buildConfigurationList = B5B58EF820546EAF0056BD77 /* Build configuration list for PBXNativeTarget "JSONSwift" */;
			buildPhases = (
				B5B58EE220546EAF0056BD77 /* Sources */,
				B5B58EE320546EAF0056BD77 /* Frameworks */,
				B5B58EE420546EAF0056BD77 /* Resources */,
			);
			buildRules = (
			);
			dependencies = (
			);
			name = JSONSwift;
			productName = JSONSwift;
			productReference = B5B58EE620546EAF0056BD77 /* JSONSwift.app */;
			productType = "com.apple.product-type.application";
		};
/* End PBXNativeTarget section */

/* Begin PBXProject section */
		B5B58EDE20546EAF0056BD77 /* Project object */ = {
			isa = PBXProject;
			attributes = {
				LastSwiftUpdateCheck = 0920;
				LastUpgradeCheck = 0920;
				ORGANIZATIONNAME = "Amr Al-Refae";
				TargetAttributes = {
					B5B58EE520546EAF0056BD77 = {
						CreatedOnToolsVersion = 9.2;
						ProvisioningStyle = Automatic;
					};
				};
			};
			buildConfigurationList = B5B58EE120546EAF0056BD77 /* Build configuration list for PBXProject "JSONSwift" */;
			compatibilityVersion = "Xcode 8.0";
			developmentRegion = en;
			hasScannedForEncodings = 0;
			knownRegions = (
				en,
				Base,
			);
			mainGroup = B5B58EDD20546EAF0056BD77;
			productRefGroup = B5B58EE720546EAF0056BD77 /* Products */;
			projectDirPath = "";
			projectRoot = "";
			targets = (
				B5B58EE520546EAF0056BD77 /* JSONSwift */,
			);
		};
/* End PBXProject section */

/* Begin PBXResourcesBuildPhase section */
		B5B58EE420546EAF0056BD77 /* Resources */ = {
			isa = PBXResourcesBuildPhase;
			buildActionMask = 2147483647;
			files = (
				B5B58EF420546EAF0056BD77 /* LaunchScreen.storyboard in Resources */,
				B5B58EF120546EAF0056BD77 /* Assets.xcassets in Resources */,
				B5B58EEF20546EAF0056BD77 /* Main.storyboard in Resources */,
			);
			runOnlyForDeploymentPostprocessing = 0;
		};
/* End PBXResourcesBuildPhase section */

/* Begin PBXSourcesBuildPhase section */
		B5B58EE220546EAF0056BD77 /* Sources */ = {
			isa = PBXSourcesBuildPhase;
			buildActionMask = 2147483647;
			files = (
				B5B58EEA20546EAF0056BD77 /* AppDelegate.swift in Sources */,
				B5B58EFC20546F580056BD77 /* JSONTableViewController.swift in Sources */,
			);
			runOnlyForDeploymentPostprocessing = 0;
		};
/* End PBXSourcesBuildPhase section */

/* Begin PBXVariantGroup section */
		B5B58EED20546EAF0056BD77 /* Main.storyboard */ = {
			isa = PBXVariantGroup;
			children = (
				B5B58EEE20546EAF0056BD77 /* Base */,
			);
			name = Main.storyboard;
			sourceTree = "<group>";
		};
		B5B58EF220546EAF0056BD77 /* LaunchScreen.storyboard */ = {
			isa = PBXVariantGroup;
			children = (
				B5B58EF320546EAF0056BD77 /* Base */,
			);
			name = LaunchScreen.storyboard;
			sourceTree = "<group>";
		};
/* End PBXVariantGroup section */

/* Begin XCBuildConfiguration section */
		B5B58EF620546EAF0056BD77 /* Debug */ = {
			isa = XCBuildConfiguration;
			buildSettings = {
				ALWAYS_SEARCH_USER_PATHS = NO;
				CLANG_ANALYZER_NONNULL = YES;
				CLANG_ANALYZER_NUMBER_OBJECT_CONVERSION = YES_AGGRESSIVE;
				CLANG_CXX_LANGUAGE_STANDARD = "gnu++14";
				CLANG_CXX_LIBRARY = "libc++";
				CLANG_ENABLE_MODULES = YES;
				CLANG_ENABLE_OBJC_ARC = YES;
				CLANG_WARN_BLOCK_CAPTURE_AUTORELEASING = YES;
				CLANG_WARN_BOOL_CONVERSION = YES;
				CLANG_WARN_COMMA = YES;
				CLANG_WARN_CONSTANT_CONVERSION = YES;
				CLANG_WARN_DIRECT_OBJC_ISA_USAGE = YES_ERROR;
				CLANG_WARN_DOCUMENTATION_COMMENTS = YES;
				CLANG_WARN_EMPTY_BODY = YES;
				CLANG_WARN_ENUM_CONVERSION = YES;
				CLANG_WARN_INFINITE_RECURSION = YES;
				CLANG_WARN_INT_CONVERSION = YES;
				CLANG_WARN_NON_LITERAL_NULL_CONVERSION = YES;
				CLANG_WARN_OBJC_LITERAL_CONVERSION = YES;
				CLANG_WARN_OBJC_ROOT_CLASS = YES_ERROR;
				CLANG_WARN_RANGE_LOOP_ANALYSIS = YES;
				CLANG_WARN_STRICT_PROTOTYPES = YES;
				CLANG_WARN_SUSPICIOUS_MOVE = YES;
				CLANG_WARN_UNGUARDED_AVAILABILITY = YES_AGGRESSIVE;
				CLANG_WARN_UNREACHABLE_CODE = YES;
				CLANG_WARN__DUPLICATE_METHOD_MATCH = YES;
				CODE_SIGN_IDENTITY = "iPhone Developer";
				COPY_PHASE_STRIP = NO;
				DEBUG_INFORMATION_FORMAT = dwarf;
				ENABLE_STRICT_OBJC_MSGSEND = YES;
				ENABLE_TESTABILITY = YES;
				GCC_C_LANGUAGE_STANDARD = gnu11;
				GCC_DYNAMIC_NO_PIC = NO;
				GCC_NO_COMMON_BLOCKS = YES;
				GCC_OPTIMIZATION_LEVEL = 0;
				GCC_PREPROCESSOR_DEFINITIONS = (
					"DEBUG=1",
					"$(inherited)",
				);
				GCC_WARN_64_TO_32_BIT_CONVERSION = YES;
				GCC_WARN_ABOUT_RETURN_TYPE = YES_ERROR;
				GCC_WARN_UNDECLARED_SELECTOR = YES;
				GCC_WARN_UNINITIALIZED_AUTOS = YES_AGGRESSIVE;
				GCC_WARN_UNUSED_FUNCTION = YES;
				GCC_WARN_UNUSED_VARIABLE = YES;
				IPHONEOS_DEPLOYMENT_TARGET = 11.2;
				MTL_ENABLE_DEBUG_INFO = YES;
				ONLY_ACTIVE_ARCH = YES;
				SDKROOT = iphoneos;
				SWIFT_ACTIVE_COMPILATION_CONDITIONS = DEBUG;
				SWIFT_OPTIMIZATION_LEVEL = "-Onone";
			};
			name = Debug;
		};
		B5B58EF720546EAF0056BD77 /* Release */ = {
			isa = XCBuildConfiguration;
			buildSettings = {
				ALWAYS_SEARCH_USER_PATHS = NO;
				CLANG_ANALYZER_NONNULL = YES;
				CLANG_ANALYZER_NUMBER_OBJECT_CONVERSION = YES_AGGRESSIVE;
				CLANG_CXX_LANGUAGE_STANDARD = "gnu++14";
				CLANG_CXX_LIBRARY = "libc++";
				CLANG_ENABLE_MODULES = YES;
				CLANG_ENABLE_OBJC_ARC = YES;
				CLANG_WARN_BLOCK_CAPTURE_AUTORELEASING = YES;
				CLANG_WARN_BOOL_CONVERSION = YES;
				CLANG_WARN_COMMA = YES;
				CLANG_WARN_CONSTANT_CONVERSION = YES;
				CLANG_WARN_DIRECT_OBJC_ISA_USAGE = YES_ERROR;
				CLANG_WARN_DOCUMENTATION_COMMENTS = YES;
				CLANG_WARN_EMPTY_BODY = YES;
				CLANG_WARN_ENUM_CONVERSION = YES;
				CLANG_WARN_INFINITE_RECURSION = YES;
				CLANG_WARN_INT_CONVERSION = YES;
				CLANG_WARN_NON_LITERAL_NULL_CONVERSION = YES;
				CLANG_WARN_OBJC_LITERAL_CONVERSION = YES;
				CLANG_WARN_OBJC_ROOT_CLASS = YES_ERROR;
				CLANG_WARN_RANGE_LOOP_ANALYSIS = YES;
				CLANG_WARN_STRICT_PROTOTYPES = YES;
				CLANG_WARN_SUSPICIOUS_MOVE = YES;
				CLANG_WARN_UNGUARDED_AVAILABILITY = YES_AGGRESSIVE;
				CLANG_WARN_UNREACHABLE_CODE = YES;
				CLANG_WARN__DUPLICATE_METHOD_MATCH = YES;
				CODE_SIGN_IDENTITY = "iPhone Developer";
				COPY_PHASE_STRIP = NO;
				DEBUG_INFORMATION_FORMAT = "dwarf-with-dsym";
				ENABLE_NS_ASSERTIONS = NO;
				ENABLE_STRICT_OBJC_MSGSEND = YES;
				GCC_C_LANGUAGE_STANDARD = gnu11;
				GCC_NO_COMMON_BLOCKS = YES;
				GCC_WARN_64_TO_32_BIT_CONVERSION = YES;
				GCC_WARN_ABOUT_RETURN_TYPE = YES_ERROR;
				GCC_WARN_UNDECLARED_SELECTOR = YES;
				GCC_WARN_UNINITIALIZED_AUTOS = YES_AGGRESSIVE;
				GCC_WARN_UNUSED_FUNCTION = YES;
				GCC_WARN_UNUSED_VARIABLE = YES;
				IPHONEOS_DEPLOYMENT_TARGET = 11.2;
				MTL_ENABLE_DEBUG_INFO = NO;
				SDKROOT = iphoneos;
				SWIFT_OPTIMIZATION_LEVEL = "-Owholemodule";
				VALIDATE_PRODUCT = YES;
			};
			name = Release;
		};
		B5B58EF920546EAF0056BD77 /* Debug */ = {
			isa = XCBuildConfiguration;
			buildSettings = {
				ASSETCATALOG_COMPILER_APPICON_NAME = AppIcon;
				CODE_SIGN_STYLE = Automatic;
				DEVELOPMENT_TEAM = NNXMK3EBZA;
				INFOPLIST_FILE = JSONSwift/Info.plist;
				LD_RUNPATH_SEARCH_PATHS = "$(inherited) @executable_path/Frameworks";
				PRODUCT_BUNDLE_IDENTIFIER = com.amrezo.JSONSwift;
				PRODUCT_NAME = "$(TARGET_NAME)";
				SWIFT_VERSION = 4.0;
				TARGETED_DEVICE_FAMILY = "1,2";
			};
			name = Debug;
		};
		B5B58EFA20546EAF0056BD77 /* Release */ = {
			isa = XCBuildConfiguration;
			buildSettings = {
				ASSETCATALOG_COMPILER_APPICON_NAME = AppIcon;
				CODE_SIGN_STYLE = Automatic;
				DEVELOPMENT_TEAM = NNXMK3EBZA;
				INFOPLIST_FILE = JSONSwift/Info.plist;
				LD_RUNPATH_SEARCH_PATHS = "$(inherited) @executable_path/Frameworks";
				PRODUCT_BUNDLE_IDENTIFIER = com.amrezo.JSONSwift;
				PRODUCT_NAME = "$(TARGET_NAME)";
				SWIFT_VERSION = 4.0;
				TARGETED_DEVICE_FAMILY = "1,2";
			};
			name = Release;
		};
/* End XCBuildConfiguration section */

/* Begin XCConfigurationList section */
		B5B58EE120546EAF0056BD77 /* Build configuration list for PBXProject "JSONSwift" */ = {
			isa = XCConfigurationList;
			buildConfigurations = (
				B5B58EF620546EAF0056BD77 /* Debug */,
				B5B58EF720546EAF0056BD77 /* Release */,
			);
			defaultConfigurationIsVisible = 0;
			defaultConfigurationName = Release;
		};
		B5B58EF820546EAF0056BD77 /* Build configuration list for PBXNativeTarget "JSONSwift" */ = {
			isa = XCConfigurationList;
			buildConfigurations = (
				B5B58EF920546EAF0056BD77 /* Debug */,
				B5B58EFA20546EAF0056BD77 /* Release */,
			);
			defaultConfigurationIsVisible = 0;
			defaultConfigurationName = Release;
		};
/* End XCConfigurationList section */
	};
	rootObject = B5B58EDE20546EAF0056BD77 /* Project object */;
}
